
Microsoft Visual Studio Solution File, Format Version 12.00
# Visual Studio Version 17
VisualStudioVersion = 17.4.33213.308
MinimumVisualStudioVersion = 10.0.40219.1
Project("{9A19103F-16F7-4668-BE54-9A1E7A4F7556}") = "projecthub", "projecthub\projecthub.csproj", "{1E814171-BB38-40D4-93C9-915057DFCC5A}"
EndProject
Global
	GlobalSection(SolutionConfigurationPlatforms) = preSolution
		Debug|Any CPU = Debug|Any CPU
		Release|Any CPU = Release|Any CPU
	EndGlobalSection
	GlobalSection(ProjectConfigurationPlatforms) = postSolution
		{1E814171-BB38-40D4-93C9-915057DFCC5A}.Debug|Any CPU.ActiveCfg = Debug|Any CPU
		{1E814171-BB38-40D4-93C9-915057DFCC5A}.Debug|Any CPU.Build.0 = Debug|Any CPU
		{1E814171-BB38-40D4-93C9-915057DFCC5A}.Release|Any CPU.ActiveCfg = Release|Any CPU
		{1E814171-BB38-40D4-93C9-915057DFCC5A}.Release|Any CPU.Build.0 = Release|Any CPU
	EndGlobalSection
	GlobalSection(SolutionProperties) = preSolution
		HideSolutionNode = FALSE
	EndGlobalSection
	GlobalSection(ExtensibilityGlobals) = postSolution
		SolutionGuid = {2CD90CB1-DEDA-44D3-908D-B21672BF4482}
	EndGlobalSection
EndGlobal
